// !$*UTF8*$!
{
	archiveVersion = 1;
	classes = {
	};
	objectVersion = 56;
	objects = {

/* Begin PBXBuildFile section */
		A1A1A1A1A1A1A1A1A1A1A1A1 /* TodolistApp.swift in Sources */ = {isa = PBXBuildFile; fileRef = A1A1A1A1A1A1A1A1A1A1A1A2 /* TodolistApp.swift */; };
		A1A1A1A1A1A1A1A1A1A1A1A3 /* ContentView.swift in Sources */ = {isa = PBXBuildFile; fileRef = A1A1A1A1A1A1A1A1A1A1A1A4 /* ContentView.swift */; };
		C1C1C1C1C1C1C1C1C1C1C111 /* CalendarView.swift in Sources */ = {isa = PBXBuildFile; fileRef = C1C1C1C1C1C1C1C1C1C1C101 /* CalendarView.swift */; };
		C1C1C1C1C1C1C1C1C1C1C112 /* CardListView.swift in Sources */ = {isa = PBXBuildFile; fileRef = C1C1C1C1C1C1C1C1C1C1C102 /* CardListView.swift */; };
		C1C1C1C1C1C1C1C1C1C1C113 /* StatsView.swift in Sources */ = {isa = PBXBuildFile; fileRef = C1C1C1C1C1C1C1C1C1C1C103 /* StatsView.swift */; };
		A1A1A1A1A1A1A1A1A1A1A1A5 /* TodoItem.swift in Sources */ = {isa = PBXBuildFile; fileRef = A1A1A1A1A1A1A1A1A1A1A1A6 /* TodoItem.swift */; };
		C1C1C1C1C1C1C1C1C1C1C114 /* Tag.swift in Sources */ = {isa = PBXBuildFile; fileRef = C1C1C1C1C1C1C1C1C1C1C104 /* Tag.swift */; };
		C1C1C1C1C1C1C1C1C1C1C115 /* Subtask.swift in Sources */ = {isa = PBXBuildFile; fileRef = C1C1C1C1C1C1C1C1C1C1C105 /* Subtask.swift */; };
		A1A1A1A1A1A1A1A1A1A1A1A7 /* TodoListViewModel.swift in Sources */ = {isa = PBXBuildFile; fileRef = A1A1A1A1A1A1A1A1A1A1A1A8 /* TodoListViewModel.swift */; };
		A1A1A1A1A1A1A1A1A1A1A1C1 /* QuickAddParser.swift in Sources */ = {isa = PBXBuildFile; fileRef = A1A1A1A1A1A1A1A1A1A1A1C2 /* QuickAddParser.swift */; };
		A1A1A1A1A1A1A1A1A1A1A1A9 /* Assets.xcassets in Resources */ = {isa = PBXBuildFile; fileRef = A1A1A1A1A1A1A1A1A1A1A1AA /* Assets.xcassets */; };
		B1B1B1B1B1B1B1B1B1B1B1B1 /* Localizable.strings in Resources */ = {isa = PBXBuildFile; fileRef = B1B1B1B1B1B1B1B1B1B1B1B2 /* Localizable.strings */; };
/* End PBXBuildFile section */

/* Begin PBXFileReference section */
		A1A1A1A1A1A1A1A1A1A1A1AB /* Todolist.app */ = {isa = PBXFileReference; explicitFileType = wrapper.application; includeInIndex = 0; path = Todolist.app; sourceTree = BUILT_PRODUCTS_DIR; };
		A1A1A1A1A1A1A1A1A1A1A1A2 /* TodolistApp.swift */ = {isa = PBXFileReference; lastKnownFileType = sourcecode.swift; path = TodolistApp.swift; sourceTree = "<group>"; };
		A1A1A1A1A1A1A1A1A1A1A1A4 /* ContentView.swift */ = {isa = PBXFileReference; lastKnownFileType = sourcecode.swift; path = ContentView.swift; sourceTree = "<group>"; };
		C1C1C1C1C1C1C1C1C1C1C101 /* CalendarView.swift */ = {isa = PBXFileReference; lastKnownFileType = sourcecode.swift; path = CalendarView.swift; sourceTree = "<group>"; };
		C1C1C1C1C1C1C1C1C1C1C102 /* CardListView.swift */ = {isa = PBXFileReference; lastKnownFileType = sourcecode.swift; path = CardListView.swift; sourceTree = "<group>"; };
		C1C1C1C1C1C1C1C1C1C1C103 /* StatsView.swift */ = {isa = PBXFileReference; lastKnownFileType = sourcecode.swift; path = StatsView.swift; sourceTree = "<group>"; };
		A1A1A1A1A1A1A1A1A1A1A1A6 /* TodoItem.swift */ = {isa = PBXFileReference; lastKnownFileType = sourcecode.swift; path = TodoItem.swift; sourceTree = "<group>"; };
		C1C1C1C1C1C1C1C1C1C1C104 /* Tag.swift */ = {isa = PBXFileReference; lastKnownFileType = sourcecode.swift; path = Tag.swift; sourceTree = "<group>"; };
		C1C1C1C1C1C1C1C1C1C1C105 /* Subtask.swift */ = {isa = PBXFileReference; lastKnownFileType = sourcecode.swift; path = Subtask.swift; sourceTree = "<group>"; };
		A1A1A1A1A1A1A1A1A1A1A1A8 /* TodoListViewModel.swift */ = {isa = PBXFileReference; lastKnownFileType = sourcecode.swift; path = TodoListViewModel.swift; sourceTree = "<group>"; };
		A1A1A1A1A1A1A1A1A1A1A1C2 /* QuickAddParser.swift */ = {isa = PBXFileReference; lastKnownFileType = sourcecode.swift; path = QuickAddParser.swift; sourceTree = "<group>"; };
		A1A1A1A1A1A1A1A1A1A1A1AA /* Assets.xcassets */ = {isa = PBXFileReference; lastKnownFileType = folder.assetcatalog; path = Assets.xcassets; sourceTree = "<group>"; };
		A1A1A1A1A1A1A1A1A1A1A1AC /* Info.plist */ = {isa = PBXFileReference; lastKnownFileType = text.plist.xml; path = Info.plist; sourceTree = "<group>"; };
		B1B1B1B1B1B1B1B1B1B1B1B3 /* Localizable.strings */ = {isa = PBXFileReference; lastKnownFileType = text.plist.strings; name = Localizable.strings; path = en.lproj/Localizable.strings; sourceTree = "<group>"; };
		B1B1B1B1B1B1B1B1B1B1B1B4 /* Localizable.strings */ = {isa = PBXFileReference; lastKnownFileType = text.plist.strings; name = Localizable.strings; path = zh-Hans.lproj/Localizable.strings; sourceTree = "<group>"; };
/* End PBXFileReference section */

/* Begin PBXFrameworksBuildPhase section */
		A1A1A1A1A1A1A1A1A1A1A1AD /* Frameworks */ = {
			isa = PBXFrameworksBuildPhase;
			buildActionMask = 2147483647;
			files = (
			);
			runOnlyForDeploymentPostprocessing = 0;
		};
/* End PBXFrameworksBuildPhase section */

/* Begin PBXGroup section */
		A1A1A1A1A1A1A1A1A1A1A1AE /* Todolist */ = {
			isa = PBXGroup;
			children = (
				A1A1A1A1A1A1A1A1A1A1A1AF /* Sources */,
				A1A1A1A1A1A1A1A1A1A1A1B0 /* Products */,
			);
			sourceTree = "<group>";
		};
		A1A1A1A1A1A1A1A1A1A1A1AF /* Sources */ = {
			isa = PBXGroup;
			children = (
				A1A1A1A1A1A1A1A1A1A1A1B1 /* App */,
			);
			path = Sources;
			sourceTree = "<group>";
		};
		A1A1A1A1A1A1A1A1A1A1A1B1 /* App */ = {
			isa = PBXGroup;
			children = (
				A1A1A1A1A1A1A1A1A1A1A1A2 /* TodolistApp.swift */,
				A1A1A1A1A1A1A1A1A1A1A1B2 /* Views */,
				A1A1A1A1A1A1A1A1A1A1A1B3 /* Models */,
				A1A1A1A1A1A1A1A1A1A1A1B4 /* ViewModels */,
				A1A1A1A1A1A1A1A1A1A1A1C3 /* Parsing */,
				B1B1B1B1B1B1B1B1B1B1B1B5 /* Resources */,
				A1A1A1A1A1A1A1A1A1A1A1AA /* Assets.xcassets */,
				A1A1A1A1A1A1A1A1A1A1A1AC /* Info.plist */,
			);
			path = App;
			sourceTree = "<group>";
		};
		A1A1A1A1A1A1A1A1A1A1A1B2 /* Views */ = {
			isa = PBXGroup;
			children = (
				A1A1A1A1A1A1A1A1A1A1A1A4 /* ContentView.swift */,
				C1C1C1C1C1C1C1C1C1C1C101 /* CalendarView.swift */,
				C1C1C1C1C1C1C1C1C1C1C102 /* CardListView.swift */,
				C1C1C1C1C1C1C1C1C1C1C103 /* StatsView.swift */,
			);
			path = Views;
			sourceTree = "<group>";
		};
		A1A1A1A1A1A1A1A1A1A1A1B3 /* Models */ = {
			isa = PBXGroup;
			children = (
				A1A1A1A1A1A1A1A1A1A1A1A6 /* TodoItem.swift */,
				C1C1C1C1C1C1C1C1C1C1C104 /* Tag.swift */,
				C1C1C1C1C1C1C1C1C1C1C105 /* Subtask.swift */,
			);
			path = Models;
			sourceTree = "<group>";
		};
		A1A1A1A1A1A1A1A1A1A1A1B4 /* ViewModels */ = {
			isa = PBXGroup;
			children = (
				A1A1A1A1A1A1A1A1A1A1A1A8 /* TodoListViewModel.swift */,
			);
			path = ViewModels;
			sourceTree = "<group>";
		};
		A1A1A1A1A1A1A1A1A1A1A1C3 /* Parsing */ = {
			isa = PBXGroup;
			children = (
				A1A1A1A1A1A1A1A1A1A1A1C2 /* QuickAddParser.swift */,
			);
			path = Parsing;
			sourceTree = "<group>";
		};
		B1B1B1B1B1B1B1B1B1B1B1B5 /* Resources */ = {
			isa = PBXGroup;
			children = (
				B1B1B1B1B1B1B1B1B1B1B1B2 /* Localizable.strings */,
			);
			path = Resources;
			sourceTree = "<group>";
		};
		A1A1A1A1A1A1A1A1A1A1A1B0 /* Products */ = {
			isa = PBXGroup;
			children = (
				A1A1A1A1A1A1A1A1A1A1A1AB /* Todolist.app */,
			);
			name = Products;
			sourceTree = "<group>";
		};
/* End PBXGroup section */

/* Begin PBXNativeTarget section */
		A1A1A1A1A1A1A1A1A1A1A1B5 /* Todolist */ = {
			isa = PBXNativeTarget;
			buildConfigurationList = A1A1A1A1A1A1A1A1A1A1A1B6 /* Build configuration list for PBXNativeTarget "Todolist" */;
			buildPhases = (
				A1A1A1A1A1A1A1A1A1A1A1B7 /* Sources */,
				A1A1A1A1A1A1A1A1A1A1A1AD /* Frameworks */,
				A1A1A1A1A1A1A1A1A1A1A1B8 /* Resources */,
			);
			buildRules = (
			);
			dependencies = (
			);
			name = Todolist;
			productName = Todolist;
			productReference = A1A1A1A1A1A1A1A1A1A1A1AB /* Todolist.app */;
			productType = "com.apple.product-type.application";
		};
/* End PBXNativeTarget section */

/* Begin PBXProject section */
		A1A1A1A1A1A1A1A1A1A1A1B9 /* Project object */ = {
			isa = PBXProject;
			attributes = {
				BuildIndependentTargetsInParallel = 1;
				LastUpgradeCheck = 1500;
				TargetAttributes = {
					A1A1A1A1A1A1A1A1A1A1A1B5 = {
						CreatedOnToolsVersion = 15.0;
					};
				};
			};
			buildConfigurationList = A1A1A1A1A1A1A1A1A1A1A1BA /* Build configuration list for PBXProject "Todolist" */;
			compatibilityVersion = "Xcode 14.0";
			developmentRegion = en;
			hasScannedForEncodings = 0;
			knownRegions = (
				en,
				Base,
				zh-Hans,
			);
			mainGroup = A1A1A1A1A1A1A1A1A1A1A1AE /* Todolist */;
			productRefGroup = A1A1A1A1A1A1A1A1A1A1A1B0 /* Products */;
			projectDirPath = "";
			projectRoot = "";
			targets = (
				A1A1A1A1A1A1A1A1A1A1A1B5 /* Todolist */,
			);
		};
/* End PBXProject section */

/* Begin PBXResourcesBuildPhase section */
		A1A1A1A1A1A1A1A1A1A1A1B8 /* Resources */ = {
			isa = PBXResourcesBuildPhase;
			buildActionMask = 2147483647;
			files = (
				A1A1A1A1A1A1A1A1A1A1A1A9 /* Assets.xcassets in Resources */,
				B1B1B1B1B1B1B1B1B1B1B1B1 /* Localizable.strings in Resources */,
			);
			runOnlyForDeploymentPostprocessing = 0;
		};
/* End PBXResourcesBuildPhase section */

/* Begin PBXSourcesBuildPhase section */
		A1A1A1A1A1A1A1A1A1A1A1B7 /* Sources */ = {
			isa = PBXSourcesBuildPhase;
			buildActionMask = 2147483647;
			files = (
				A1A1A1A1A1A1A1A1A1A1A1A1 /* TodolistApp.swift in Sources */,
				A1A1A1A1A1A1A1A1A1A1A1A3 /* ContentView.swift in Sources */,
				C1C1C1C1C1C1C1C1C1C1C111 /* CalendarView.swift in Sources */,
				C1C1C1C1C1C1C1C1C1C1C112 /* CardListView.swift in Sources */,
				C1C1C1C1C1C1C1C1C1C1C113 /* StatsView.swift in Sources */,
				A1A1A1A1A1A1A1A1A1A1A1A5 /* TodoItem.swift in Sources */,
				C1C1C1C1C1C1C1C1C1C1C114 /* Tag.swift in Sources */,
				C1C1C1C1C1C1C1C1C1C1C115 /* Subtask.swift in Sources */,
				A1A1A1A1A1A1A1A1A1A1A1A7 /* TodoListViewModel.swift in Sources */,
				A1A1A1A1A1A1A1A1A1A1A1C1 /* QuickAddParser.swift in Sources */,
			);
			runOnlyForDeploymentPostprocessing = 0;
		};
/* End PBXSourcesBuildPhase section */

/* Begin PBXVariantGroup section */
		B1B1B1B1B1B1B1B1B1B1B1B2 /* Localizable.strings */ = {
			isa = PBXVariantGroup;
			children = (
				B1B1B1B1B1B1B1B1B1B1B1B3 /* Localizable.strings */,
				B1B1B1B1B1B1B1B1B1B1B1B4 /* Localizable.strings */,
			);
			name = Localizable.strings;
			sourceTree = "<group>";
		};
/* End PBXVariantGroup section */

/* Begin XCBuildConfiguration section */
		A1A1A1A1A1A1A1A1A1A1A1BB /* Debug */ = {
			isa = XCBuildConfiguration;
			buildSettings = {
				ALWAYS_SEARCH_USER_PATHS = NO;
				ASSETCATALOG_COMPILER_APPICON_NAME = AppIcon;
				CODE_SIGN_STYLE = Automatic;
				CURRENT_PROJECT_VERSION = 1;
				DEVELOPMENT_ASSET_PATHS = "Sources/App";
				ENABLE_PREVIEWS = YES;
				INFOPLIST_FILE = Sources/App/Info.plist;
				LD_RUNPATH_SEARCH_PATHS = (
					"$(inherited)",
					"@executable_path/../Frameworks",
				);
				MACOSX_DEPLOYMENT_TARGET = 14.0;
				MARKETING_VERSION = 1.0;
				PRODUCT_BUNDLE_IDENTIFIER = com.example.todolist;
				PRODUCT_NAME = TodoList;
				SWIFT_VERSION = 5.0;
			};
			name = Debug;
		};
		A1A1A1A1A1A1A1A1A1A1A1BC /* Release */ = {
			isa = XCBuildConfiguration;
			buildSettings = {
				ALWAYS_SEARCH_USER_PATHS = NO;
				ASSETCATALOG_COMPILER_APPICON_NAME = AppIcon;
				CODE_SIGN_STYLE = Automatic;
				CURRENT_PROJECT_VERSION = 1;
				DEVELOPMENT_ASSET_PATHS = "Sources/App";
				ENABLE_PREVIEWS = YES;
				INFOPLIST_FILE = Sources/App/Info.plist;
				LD_RUNPATH_SEARCH_PATHS = (
					"$(inherited)",
					"@executable_path/../Frameworks",
				);
				MACOSX_DEPLOYMENT_TARGET = 14.0;
				MARKETING_VERSION = 1.0;
				PRODUCT_BUNDLE_IDENTIFIER = com.example.todolist;
				PRODUCT_NAME = TodoList;
				SWIFT_VERSION = 5.0;
			};
			name = Release;
		};
		A1A1A1A1A1A1A1A1A1A1A1BD /* Debug */ = {
			isa = XCBuildConfiguration;
			buildSettings = {
				CODE_SIGN_STYLE = Automatic;
				PRODUCT_NAME = "$(TARGET_NAME)";
			};
			name = Debug;
		};
		A1A1A1A1A1A1A1A1A1A1A1BE /* Release */ = {
			isa = XCBuildConfiguration;
			buildSettings = {
				CODE_SIGN_STYLE = Automatic;
				PRODUCT_NAME = "$(TARGET_NAME)";
			};
			name = Release;
		};
/* End XCBuildConfiguration section */

/* Begin XCConfigurationList section */
		A1A1A1A1A1A1A1A1A1A1A1BA /* Build configuration list for PBXProject "Todolist" */ = {
			isa = XCConfigurationList;
			buildConfigurations = (
				A1A1A1A1A1A1A1A1A1A1A1BD /* Debug */,
				A1A1A1A1A1A1A1A1A1A1A1BE /* Release */,
			);
			defaultConfigurationIsVisible = 0;
			defaultConfigurationName = Release;
		};
		A1A1A1A1A1A1A1A1A1A1A1B6 /* Build configuration list for PBXNativeTarget "Todolist" */ = {
			isa = XCConfigurationList;
			buildConfigurations = (
				A1A1A1A1A1A1A1A1A1A1A1BB /* Debug */,
				A1A1A1A1A1A1A1A1A1A1A1BC /* Release */,
			);
			defaultConfigurationIsVisible = 0;
			defaultConfigurationName = Release;
		};
/* End XCConfigurationList section */
	};
	rootObject = A1A1A1A1A1A1A1A1A1A1A1B9 /* Project object */;
}
